
Microsoft Visual Studio Solution File, Format Version 12.00
# Visual Studio 15
VisualStudioVersion = 15.0.27130.2003
MinimumVisualStudioVersion = 10.0.40219.1
Project("{FAE04EC0-301F-11D3-BF4B-00C04F79EFBC}") = "DdoCharacterPlanner", "DdoCharacterPlanner\DdoCharacterPlanner.csproj", "{31285A2C-C8A6-45D9-BDE4-8A90F51CF3DA}"
EndProject
Project("{2150E333-8FDC-42A3-9474-1A3956D46DE8}") = "01 Presentation", "01 Presentation", "{F6782562-2411-4677-9788-4C21CF4ECC5C}"
EndProject
Project("{2150E333-8FDC-42A3-9474-1A3956D46DE8}") = "00 Solution Items", "00 Solution Items", "{356A04A4-0B8D-4FB2-A5D2-A262812C870F}"
	ProjectSection(SolutionItems) = preProject
		.gitattributes = .gitattributes
		.gitignore = .gitignore
		_config.yml = _config.yml
		DDOCharacterPlanner.sln.DotSettings.user = DDOCharacterPlanner.sln.DotSettings.user
	EndProjectSection
EndProject
Project("{2150E333-8FDC-42A3-9474-1A3956D46DE8}") = "02 Domain", "02 Domain", "{C6CDA635-C386-4E3C-9C18-A568A5301F34}"
EndProject
Project("{2150E333-8FDC-42A3-9474-1A3956D46DE8}") = "03 Repository", "03 Repository", "{E43C6BC3-C80D-4B05-913D-5FEC4B9F75CC}"
EndProject
Project("{FAE04EC0-301F-11D3-BF4B-00C04F79EFBC}") = "DdoCharacterPlanner.Domain", "DdoCharacterPlanner.Domain\DdoCharacterPlanner.Domain.csproj", "{D4457FD5-BC00-4FFA-B537-1E6185DA19C2}"
EndProject
Project("{FAE04EC0-301F-11D3-BF4B-00C04F79EFBC}") = "DdoCharacterPlanner.Repository", "DdoCharacterPlanner.Repository\DdoCharacterPlanner.Repository.csproj", "{AA1B6503-5522-4969-AD7B-69FC56DC1D04}"
EndProject
Global
	GlobalSection(SolutionConfigurationPlatforms) = preSolution
		Debug|Any CPU = Debug|Any CPU
		Release|Any CPU = Release|Any CPU
	EndGlobalSection
	GlobalSection(ProjectConfigurationPlatforms) = postSolution
		{31285A2C-C8A6-45D9-BDE4-8A90F51CF3DA}.Debug|Any CPU.ActiveCfg = Debug|Any CPU
		{31285A2C-C8A6-45D9-BDE4-8A90F51CF3DA}.Debug|Any CPU.Build.0 = Debug|Any CPU
		{31285A2C-C8A6-45D9-BDE4-8A90F51CF3DA}.Release|Any CPU.ActiveCfg = Release|Any CPU
		{31285A2C-C8A6-45D9-BDE4-8A90F51CF3DA}.Release|Any CPU.Build.0 = Release|Any CPU
		{D4457FD5-BC00-4FFA-B537-1E6185DA19C2}.Debug|Any CPU.ActiveCfg = Debug|Any CPU
		{D4457FD5-BC00-4FFA-B537-1E6185DA19C2}.Debug|Any CPU.Build.0 = Debug|Any CPU
		{D4457FD5-BC00-4FFA-B537-1E6185DA19C2}.Release|Any CPU.ActiveCfg = Release|Any CPU
		{D4457FD5-BC00-4FFA-B537-1E6185DA19C2}.Release|Any CPU.Build.0 = Release|Any CPU
		{AA1B6503-5522-4969-AD7B-69FC56DC1D04}.Debug|Any CPU.ActiveCfg = Debug|Any CPU
		{AA1B6503-5522-4969-AD7B-69FC56DC1D04}.Debug|Any CPU.Build.0 = Debug|Any CPU
		{AA1B6503-5522-4969-AD7B-69FC56DC1D04}.Release|Any CPU.ActiveCfg = Release|Any CPU
		{AA1B6503-5522-4969-AD7B-69FC56DC1D04}.Release|Any CPU.Build.0 = Release|Any CPU
	EndGlobalSection
	GlobalSection(SolutionProperties) = preSolution
		HideSolutionNode = FALSE
	EndGlobalSection
	GlobalSection(NestedProjects) = preSolution
		{31285A2C-C8A6-45D9-BDE4-8A90F51CF3DA} = {F6782562-2411-4677-9788-4C21CF4ECC5C}
		{D4457FD5-BC00-4FFA-B537-1E6185DA19C2} = {C6CDA635-C386-4E3C-9C18-A568A5301F34}
		{AA1B6503-5522-4969-AD7B-69FC56DC1D04} = {E43C6BC3-C80D-4B05-913D-5FEC4B9F75CC}
	EndGlobalSection
	GlobalSection(ExtensibilityGlobals) = postSolution
		SolutionGuid = {1D70C9FD-BD44-4F4C-B942-57A7457DB807}
	EndGlobalSection
EndGlobal
